
Microsoft Visual Studio Solution File, Format Version 12.00
# Visual Studio Version 16
VisualStudioVersion = 16.0.29411.108
MinimumVisualStudioVersion = 10.0.40219.1
Project("{FAE04EC0-301F-11D3-BF4B-00C04F79EFBC}") = "SIZEOFFILE+SORTARE LOCALIZATA", "SIZEOFFILE+SORTARE LOCALIZATA\SIZEOFFILE+SORTARE LOCALIZATA.csproj", "{64DE4E07-D734-49F6-A43C-0F864C9313EA}"
EndProject
Project("{FAE04EC0-301F-11D3-BF4B-00C04F79EFBC}") = "sortarelocalizata", "sortarelocalizata\sortarelocalizata.csproj", "{97EE4FAB-33F8-4384-9BD5-18338CD50145}"
EndProject
Global
	GlobalSection(SolutionConfigurationPlatforms) = preSolution
		Debug|Any CPU = Debug|Any CPU
		Release|Any CPU = Release|Any CPU
	EndGlobalSection
	GlobalSection(ProjectConfigurationPlatforms) = postSolution
		{64DE4E07-D734-49F6-A43C-0F864C9313EA}.Debug|Any CPU.ActiveCfg = Debug|Any CPU
		{64DE4E07-D734-49F6-A43C-0F864C9313EA}.Debug|Any CPU.Build.0 = Debug|Any CPU
		{64DE4E07-D734-49F6-A43C-0F864C9313EA}.Release|Any CPU.ActiveCfg = Release|Any CPU
		{64DE4E07-D734-49F6-A43C-0F864C9313EA}.Release|Any CPU.Build.0 = Release|Any CPU
		{97EE4FAB-33F8-4384-9BD5-18338CD50145}.Debug|Any CPU.ActiveCfg = Debug|Any CPU
		{97EE4FAB-33F8-4384-9BD5-18338CD50145}.Debug|Any CPU.Build.0 = Debug|Any CPU
		{97EE4FAB-33F8-4384-9BD5-18338CD50145}.Release|Any CPU.ActiveCfg = Release|Any CPU
		{97EE4FAB-33F8-4384-9BD5-18338CD50145}.Release|Any CPU.Build.0 = Release|Any CPU
	EndGlobalSection
	GlobalSection(SolutionProperties) = preSolution
		HideSolutionNode = FALSE
	EndGlobalSection
	GlobalSection(ExtensibilityGlobals) = postSolution
		SolutionGuid = {E0E0BAC3-079C-4C74-B96D-15CD293088DA}
	EndGlobalSection
EndGlobal
